
Microsoft Visual Studio Solution File, Format Version 12.00
# Visual Studio 15
VisualStudioVersion = 15.0.28307.1778
MinimumVisualStudioVersion = 10.0.40219.1
Project("{FAE04EC0-301F-11D3-BF4B-00C04F79EFBC}") = "OuderbijdrageSchool", "OuderbijdrageSchool\OuderbijdrageSchool.csproj", "{18B5A8CB-BAC4-4FFD-BE76-F87EE7442EA3}"
EndProject
Global
	GlobalSection(SolutionConfigurationPlatforms) = preSolution
		Debug|Any CPU = Debug|Any CPU
		Release|Any CPU = Release|Any CPU
	EndGlobalSection
	GlobalSection(ProjectConfigurationPlatforms) = postSolution
		{18B5A8CB-BAC4-4FFD-BE76-F87EE7442EA3}.Debug|Any CPU.ActiveCfg = Debug|Any CPU
		{18B5A8CB-BAC4-4FFD-BE76-F87EE7442EA3}.Debug|Any CPU.Build.0 = Debug|Any CPU
		{18B5A8CB-BAC4-4FFD-BE76-F87EE7442EA3}.Release|Any CPU.ActiveCfg = Release|Any CPU
		{18B5A8CB-BAC4-4FFD-BE76-F87EE7442EA3}.Release|Any CPU.Build.0 = Release|Any CPU
	EndGlobalSection
	GlobalSection(SolutionProperties) = preSolution
		HideSolutionNode = FALSE
	EndGlobalSection
	GlobalSection(ExtensibilityGlobals) = postSolution
		SolutionGuid = {B6CB8F61-EDFB-4F9D-9DAD-1D480ECD0F1B}
	EndGlobalSection
EndGlobal
